
Microsoft Visual Studio Solution File, Format Version 12.00
Project("{FAE04EC0-301F-11D3-BF4B-00C04F79EFBC}") = "WebApi", "WebApi\WebApi.csproj", "{91201135-3AAB-4263-9904-C0F71A173D12}"
EndProject
Project("{FAE04EC0-301F-11D3-BF4B-00C04F79EFBC}") = "fridgechecker", "fridgechecker\fridgechecker.csproj", "{BBFC6EB2-CDB4-461B-A198-B5F21676E3EB}"
EndProject
Global
	GlobalSection(SolutionConfigurationPlatforms) = preSolution
		Debug|Any CPU = Debug|Any CPU
		Release|Any CPU = Release|Any CPU
	EndGlobalSection
	GlobalSection(ProjectConfigurationPlatforms) = postSolution
		{91201135-3AAB-4263-9904-C0F71A173D12}.Debug|Any CPU.ActiveCfg = Debug|Any CPU
		{91201135-3AAB-4263-9904-C0F71A173D12}.Debug|Any CPU.Build.0 = Debug|Any CPU
		{91201135-3AAB-4263-9904-C0F71A173D12}.Release|Any CPU.ActiveCfg = Release|Any CPU
		{91201135-3AAB-4263-9904-C0F71A173D12}.Release|Any CPU.Build.0 = Release|Any CPU
		{BBFC6EB2-CDB4-461B-A198-B5F21676E3EB}.Debug|Any CPU.ActiveCfg = Debug|Any CPU
		{BBFC6EB2-CDB4-461B-A198-B5F21676E3EB}.Debug|Any CPU.Build.0 = Debug|Any CPU
		{BBFC6EB2-CDB4-461B-A198-B5F21676E3EB}.Release|Any CPU.ActiveCfg = Release|Any CPU
		{BBFC6EB2-CDB4-461B-A198-B5F21676E3EB}.Release|Any CPU.Build.0 = Release|Any CPU
	EndGlobalSection
EndGlobal
